
Microsoft Visual Studio Solution File, Format Version 12.00
# Visual Studio Version 17
VisualStudioVersion = 17.4.33213.308
MinimumVisualStudioVersion = 10.0.40219.1
Project("{FAE04EC0-301F-11D3-BF4B-00C04F79EFBC}") = "Zadania_trening", "Zadania_trening\Zadania_trening.csproj", "{B97E10FB-17C8-41CE-9D18-49ED23A45891}"
EndProject
Global
	GlobalSection(SolutionConfigurationPlatforms) = preSolution
		Debug|Any CPU = Debug|Any CPU
		Release|Any CPU = Release|Any CPU
	EndGlobalSection
	GlobalSection(ProjectConfigurationPlatforms) = postSolution
		{B97E10FB-17C8-41CE-9D18-49ED23A45891}.Debug|Any CPU.ActiveCfg = Debug|Any CPU
		{B97E10FB-17C8-41CE-9D18-49ED23A45891}.Debug|Any CPU.Build.0 = Debug|Any CPU
		{B97E10FB-17C8-41CE-9D18-49ED23A45891}.Release|Any CPU.ActiveCfg = Release|Any CPU
		{B97E10FB-17C8-41CE-9D18-49ED23A45891}.Release|Any CPU.Build.0 = Release|Any CPU
	EndGlobalSection
	GlobalSection(SolutionProperties) = preSolution
		HideSolutionNode = FALSE
	EndGlobalSection
	GlobalSection(ExtensibilityGlobals) = postSolution
		SolutionGuid = {2364C7B8-9506-4D04-B293-AF663ECD4C83}
	EndGlobalSection
EndGlobal
